lockfileVersion: '9.0'

settings:
  autoInstallPeers: true
  excludeLinksFromLockfile: false

importers:

  .:
    dependencies:
      usehooks-ts:
        specifier: ^3.1.1
        version: 3.1.1(react@19.1.0)

packages:

  lodash.debounce@4.0.8:
    resolution: {integrity: sha512-FT1yDzDYEoYWhnSGnpE/4Kj1fLZkDFyqRb7fNt6FdYOSxlUWAtp42Eh6Wb0rGIv/m9Bgo7x4GhQbm5Ys4SG5ow==}

  react@19.1.0:
    resolution: {integrity: sha512-FS+XFBNvn3GTAWq26joslQgWNoFu08F4kl0J4CgdNKADkdSGXQyTCnKteIAJy96Br6YbpEU1LSzV5dYtjMkMDg==}
    engines: {node: '>=0.10.0'}

  usehooks-ts@3.1.1:
    resolution: {integrity: sha512-I4diPp9Cq6ieSUH2wu+fDAVQO43xwtulo+fKEidHUwZPnYImbtkTjzIJYcDcJqxgmX31GVqNFURodvcgHcW0pA==}
    engines: {node: '>=16.15.0'}
    peerDependencies:
      react: ^16.8.0  || ^17 || ^18 || ^19 || ^19.0.0-rc

snapshots:

  lodash.debounce@4.0.8: {}

  react@19.1.0: {}

  usehooks-ts@3.1.1(react@19.1.0):
    dependencies:
      lodash.debounce: 4.0.8
      react: 19.1.0
